
Microsoft Visual Studio Solution File, Format Version 12.00
# Visual Studio 15
VisualStudioVersion = 15.0.28307.572
MinimumVisualStudioVersion = 10.0.40219.1
Project("{2150E333-8FDC-42A3-9474-1A3956D46DE8}") = "src", "src", "{83328FCF-59D7-494E-BD30-D1A39A73BFA2}"
EndProject
Project("{2150E333-8FDC-42A3-9474-1A3956D46DE8}") = "tests", "tests", "{1D9D6EB9-2EFA-4263-8BC7-4F76EAF4BBEE}"
EndProject
Project("{2150E333-8FDC-42A3-9474-1A3956D46DE8}") = "Common", "Common", "{3CDC9475-09B8-4F30-8CE7-18A5A30772DA}"
EndProject
Project("{2150E333-8FDC-42A3-9474-1A3956D46DE8}") = "Presentation", "Presentation", "{ADF00FFC-1DBF-422D-935E-D904B6E1AC86}"
EndProject
Project("{2150E333-8FDC-42A3-9474-1A3956D46DE8}") = "Core", "Core", "{5695B1D8-4B06-48F2-9D57-66CEECC74DC7}"
EndProject
Project("{2150E333-8FDC-42A3-9474-1A3956D46DE8}") = "Infrastructure", "Infrastructure", "{B0093519-CE8A-4260-8B0B-53824BE4A4C3}"
EndProject
Project("{9A19103F-16F7-4668-BE54-9A1E7A4F7556}") = "Goblin.Common", "Goblin.Common\Goblin.Common.csproj", "{C6578506-763F-4C12-B961-B58851798DAD}"
EndProject
Project("{FAE04EC0-301F-11D3-BF4B-00C04F79EFBC}") = "Goblin.Application", "Goblin.Application\Goblin.Application.csproj", "{42E7DCA9-85D1-4C72-AC78-B56027C3E12B}"
EndProject
Project("{FAE04EC0-301F-11D3-BF4B-00C04F79EFBC}") = "Goblin.Domain", "Goblin.Domain\Goblin.Domain.csproj", "{E4BFBC89-C180-450B-9777-C708088ECF55}"
EndProject
Project("{FAE04EC0-301F-11D3-BF4B-00C04F79EFBC}") = "Goblin.Persistence", "Goblin.Persistence\Goblin.Persistence.csproj", "{33D2FA56-3600-4959-9489-79DE0B39A9EC}"
EndProject
Project("{FAE04EC0-301F-11D3-BF4B-00C04F79EFBC}") = "Goblin.Infrastructure", "Goblin.Infrastructure\Goblin.Infrastructure.csproj", "{ECCFA49C-CC5F-4264-8FFD-6321EBC60533}"
EndProject
Project("{FAE04EC0-301F-11D3-BF4B-00C04F79EFBC}") = "Goblin.WebUI", "Goblin.WebUI\Goblin.WebUI.csproj", "{37C0733D-322D-4DFA-AB60-C0DBFECDDB25}"
EndProject
Global
	GlobalSection(SolutionConfigurationPlatforms) = preSolution
		Debug|Any CPU = Debug|Any CPU
		Release|Any CPU = Release|Any CPU
	EndGlobalSection
	GlobalSection(ProjectConfigurationPlatforms) = postSolution
		{C6578506-763F-4C12-B961-B58851798DAD}.Debug|Any CPU.ActiveCfg = Debug|Any CPU
		{C6578506-763F-4C12-B961-B58851798DAD}.Debug|Any CPU.Build.0 = Debug|Any CPU
		{C6578506-763F-4C12-B961-B58851798DAD}.Release|Any CPU.ActiveCfg = Release|Any CPU
		{C6578506-763F-4C12-B961-B58851798DAD}.Release|Any CPU.Build.0 = Release|Any CPU
		{42E7DCA9-85D1-4C72-AC78-B56027C3E12B}.Debug|Any CPU.ActiveCfg = Debug|Any CPU
		{42E7DCA9-85D1-4C72-AC78-B56027C3E12B}.Debug|Any CPU.Build.0 = Debug|Any CPU
		{42E7DCA9-85D1-4C72-AC78-B56027C3E12B}.Release|Any CPU.ActiveCfg = Release|Any CPU
		{42E7DCA9-85D1-4C72-AC78-B56027C3E12B}.Release|Any CPU.Build.0 = Release|Any CPU
		{E4BFBC89-C180-450B-9777-C708088ECF55}.Debug|Any CPU.ActiveCfg = Debug|Any CPU
		{E4BFBC89-C180-450B-9777-C708088ECF55}.Debug|Any CPU.Build.0 = Debug|Any CPU
		{E4BFBC89-C180-450B-9777-C708088ECF55}.Release|Any CPU.ActiveCfg = Release|Any CPU
		{E4BFBC89-C180-450B-9777-C708088ECF55}.Release|Any CPU.Build.0 = Release|Any CPU
		{33D2FA56-3600-4959-9489-79DE0B39A9EC}.Debug|Any CPU.ActiveCfg = Debug|Any CPU
		{33D2FA56-3600-4959-9489-79DE0B39A9EC}.Debug|Any CPU.Build.0 = Debug|Any CPU
		{33D2FA56-3600-4959-9489-79DE0B39A9EC}.Release|Any CPU.ActiveCfg = Release|Any CPU
		{33D2FA56-3600-4959-9489-79DE0B39A9EC}.Release|Any CPU.Build.0 = Release|Any CPU
		{ECCFA49C-CC5F-4264-8FFD-6321EBC60533}.Debug|Any CPU.ActiveCfg = Debug|Any CPU
		{ECCFA49C-CC5F-4264-8FFD-6321EBC60533}.Debug|Any CPU.Build.0 = Debug|Any CPU
		{ECCFA49C-CC5F-4264-8FFD-6321EBC60533}.Release|Any CPU.ActiveCfg = Release|Any CPU
		{ECCFA49C-CC5F-4264-8FFD-6321EBC60533}.Release|Any CPU.Build.0 = Release|Any CPU
		{37C0733D-322D-4DFA-AB60-C0DBFECDDB25}.Debug|Any CPU.ActiveCfg = Debug|Any CPU
		{37C0733D-322D-4DFA-AB60-C0DBFECDDB25}.Debug|Any CPU.Build.0 = Debug|Any CPU
		{37C0733D-322D-4DFA-AB60-C0DBFECDDB25}.Release|Any CPU.ActiveCfg = Release|Any CPU
		{37C0733D-322D-4DFA-AB60-C0DBFECDDB25}.Release|Any CPU.Build.0 = Release|Any CPU
	EndGlobalSection
	GlobalSection(SolutionProperties) = preSolution
		HideSolutionNode = FALSE
	EndGlobalSection
	GlobalSection(NestedProjects) = preSolution
		{3CDC9475-09B8-4F30-8CE7-18A5A30772DA} = {83328FCF-59D7-494E-BD30-D1A39A73BFA2}
		{ADF00FFC-1DBF-422D-935E-D904B6E1AC86} = {83328FCF-59D7-494E-BD30-D1A39A73BFA2}
		{5695B1D8-4B06-48F2-9D57-66CEECC74DC7} = {83328FCF-59D7-494E-BD30-D1A39A73BFA2}
		{B0093519-CE8A-4260-8B0B-53824BE4A4C3} = {83328FCF-59D7-494E-BD30-D1A39A73BFA2}
		{C6578506-763F-4C12-B961-B58851798DAD} = {3CDC9475-09B8-4F30-8CE7-18A5A30772DA}
		{42E7DCA9-85D1-4C72-AC78-B56027C3E12B} = {5695B1D8-4B06-48F2-9D57-66CEECC74DC7}
		{E4BFBC89-C180-450B-9777-C708088ECF55} = {5695B1D8-4B06-48F2-9D57-66CEECC74DC7}
		{33D2FA56-3600-4959-9489-79DE0B39A9EC} = {B0093519-CE8A-4260-8B0B-53824BE4A4C3}
		{ECCFA49C-CC5F-4264-8FFD-6321EBC60533} = {B0093519-CE8A-4260-8B0B-53824BE4A4C3}
		{37C0733D-322D-4DFA-AB60-C0DBFECDDB25} = {ADF00FFC-1DBF-422D-935E-D904B6E1AC86}
	EndGlobalSection
	GlobalSection(ExtensibilityGlobals) = postSolution
		SolutionGuid = {17D8737B-EE48-4EC4-A5AF-CF293FA571EC}
	EndGlobalSection
EndGlobal
